
Microsoft Visual Studio Solution File, Format Version 12.00
# Visual Studio Version 16
VisualStudioVersion = 16.0.31005.135
MinimumVisualStudioVersion = 10.0.40219.1
Project("{FAE04EC0-301F-11D3-BF4B-00C04F79EFBC}") = "Weather", "Weather\Weather.csproj", "{461D28CD-3782-4153-8D95-7E65233521EE}"
EndProject
Global
	GlobalSection(SolutionConfigurationPlatforms) = preSolution
		Debug|Any CPU = Debug|Any CPU
		Release|Any CPU = Release|Any CPU
	EndGlobalSection
	GlobalSection(ProjectConfigurationPlatforms) = postSolution
		{461D28CD-3782-4153-8D95-7E65233521EE}.Debug|Any CPU.ActiveCfg = Debug|Any CPU
		{461D28CD-3782-4153-8D95-7E65233521EE}.Debug|Any CPU.Build.0 = Debug|Any CPU
		{461D28CD-3782-4153-8D95-7E65233521EE}.Release|Any CPU.ActiveCfg = Release|Any CPU
		{461D28CD-3782-4153-8D95-7E65233521EE}.Release|Any CPU.Build.0 = Release|Any CPU
	EndGlobalSection
	GlobalSection(SolutionProperties) = preSolution
		HideSolutionNode = FALSE
	EndGlobalSection
	GlobalSection(ExtensibilityGlobals) = postSolution
		SolutionGuid = {66DADAA0-8362-45B9-953C-FD58791461F7}
	EndGlobalSection
EndGlobal
