
Microsoft Visual Studio Solution File, Format Version 12.00
# Visual Studio Version 16
VisualStudioVersion = 16.0.31005.135
MinimumVisualStudioVersion = 10.0.40219.1
Project("{FAE04EC0-301F-11D3-BF4B-00C04F79EFBC}") = "Graphs", "Graphs\Graphs.csproj", "{1407CB2B-79D2-41EE-BFBF-98B0E32F5A19}"
EndProject
Project("{FAE04EC0-301F-11D3-BF4B-00C04F79EFBC}") = "graph2", "graph2\graph2.csproj", "{858603D1-B617-46D6-9F1E-CEE7B136265A}"
EndProject
Project("{FAE04EC0-301F-11D3-BF4B-00C04F79EFBC}") = "graph3", "graph3\graph3.csproj", "{9884BBD1-7D06-4B72-8025-53D964BD1DB8}"
EndProject
Global
	GlobalSection(SolutionConfigurationPlatforms) = preSolution
		Debug|Any CPU = Debug|Any CPU
		Release|Any CPU = Release|Any CPU
	EndGlobalSection
	GlobalSection(ProjectConfigurationPlatforms) = postSolution
		{1407CB2B-79D2-41EE-BFBF-98B0E32F5A19}.Debug|Any CPU.ActiveCfg = Debug|Any CPU
		{1407CB2B-79D2-41EE-BFBF-98B0E32F5A19}.Debug|Any CPU.Build.0 = Debug|Any CPU
		{1407CB2B-79D2-41EE-BFBF-98B0E32F5A19}.Release|Any CPU.ActiveCfg = Release|Any CPU
		{1407CB2B-79D2-41EE-BFBF-98B0E32F5A19}.Release|Any CPU.Build.0 = Release|Any CPU
		{858603D1-B617-46D6-9F1E-CEE7B136265A}.Debug|Any CPU.ActiveCfg = Debug|Any CPU
		{858603D1-B617-46D6-9F1E-CEE7B136265A}.Debug|Any CPU.Build.0 = Debug|Any CPU
		{858603D1-B617-46D6-9F1E-CEE7B136265A}.Release|Any CPU.ActiveCfg = Release|Any CPU
		{858603D1-B617-46D6-9F1E-CEE7B136265A}.Release|Any CPU.Build.0 = Release|Any CPU
		{9884BBD1-7D06-4B72-8025-53D964BD1DB8}.Debug|Any CPU.ActiveCfg = Debug|Any CPU
		{9884BBD1-7D06-4B72-8025-53D964BD1DB8}.Debug|Any CPU.Build.0 = Debug|Any CPU
		{9884BBD1-7D06-4B72-8025-53D964BD1DB8}.Release|Any CPU.ActiveCfg = Release|Any CPU
		{9884BBD1-7D06-4B72-8025-53D964BD1DB8}.Release|Any CPU.Build.0 = Release|Any CPU
	EndGlobalSection
	GlobalSection(SolutionProperties) = preSolution
		HideSolutionNode = FALSE
	EndGlobalSection
	GlobalSection(ExtensibilityGlobals) = postSolution
		SolutionGuid = {5F67FFD7-F21B-4530-BEC9-A9B2F7C956FF}
	EndGlobalSection
EndGlobal
