
Microsoft Visual Studio Solution File, Format Version 12.00
# Visual Studio Version 16
VisualStudioVersion = 16.0.31005.135
MinimumVisualStudioVersion = 10.0.40219.1
Project("{2150E333-8FDC-42A3-9474-1A3956D46DE8}") = "BLL", "BLL", "{60AD2413-D082-4089-A139-D13D186BF373}"
EndProject
Project("{2150E333-8FDC-42A3-9474-1A3956D46DE8}") = "COMMON", "COMMON", "{C4F334BE-2E8E-4F52-AF2A-5FB5EA51595F}"
EndProject
Project("{2150E333-8FDC-42A3-9474-1A3956D46DE8}") = "DAL", "DAL", "{98BC702A-415D-4003-B6D6-B1F0BFECBF06}"
EndProject
Project("{2150E333-8FDC-42A3-9474-1A3956D46DE8}") = "PL", "PL", "{36FC994D-AC80-4FB3-A8F3-AF1444C860F1}"
EndProject
Project("{FAE04EC0-301F-11D3-BF4B-00C04F79EFBC}") = "MedCenter", "MedCenter\MedCenter.csproj", "{CD4AE3A1-C4D6-4C98-A15B-C751FFF2AB20}"
EndProject
Project("{FAE04EC0-301F-11D3-BF4B-00C04F79EFBC}") = "DAO_Interface", "DAO_Patient_Interface\DAO_Interface.csproj", "{C226F91E-7753-4F14-9D4E-3F7AB9E9B5AD}"
EndProject
Project("{FAE04EC0-301F-11D3-BF4B-00C04F79EFBC}") = "DAO", "DAO\DAO.csproj", "{0B99BC31-6621-44A5-8A82-AA33DC48F804}"
EndProject
Project("{FAE04EC0-301F-11D3-BF4B-00C04F79EFBC}") = "BL_Interface", "BL\BL_Interface.csproj", "{185C09B8-7683-4FDB-BD37-AE96E2E05861}"
EndProject
Project("{FAE04EC0-301F-11D3-BF4B-00C04F79EFBC}") = "Med-Center", "Med--Center\Med-Center.csproj", "{AD5256C3-70A6-4F0B-B531-F240F6179210}"
EndProject
Project("{FAE04EC0-301F-11D3-BF4B-00C04F79EFBC}") = "BL", "BL_BL\BL.csproj", "{FDA37EFC-27A0-46FE-884D-6B22CB667B8E}"
EndProject
Global
	GlobalSection(SolutionConfigurationPlatforms) = preSolution
		Debug|Any CPU = Debug|Any CPU
		Release|Any CPU = Release|Any CPU
	EndGlobalSection
	GlobalSection(ProjectConfigurationPlatforms) = postSolution
		{CD4AE3A1-C4D6-4C98-A15B-C751FFF2AB20}.Debug|Any CPU.ActiveCfg = Debug|Any CPU
		{CD4AE3A1-C4D6-4C98-A15B-C751FFF2AB20}.Debug|Any CPU.Build.0 = Debug|Any CPU
		{CD4AE3A1-C4D6-4C98-A15B-C751FFF2AB20}.Release|Any CPU.ActiveCfg = Release|Any CPU
		{CD4AE3A1-C4D6-4C98-A15B-C751FFF2AB20}.Release|Any CPU.Build.0 = Release|Any CPU
		{C226F91E-7753-4F14-9D4E-3F7AB9E9B5AD}.Debug|Any CPU.ActiveCfg = Debug|Any CPU
		{C226F91E-7753-4F14-9D4E-3F7AB9E9B5AD}.Debug|Any CPU.Build.0 = Debug|Any CPU
		{C226F91E-7753-4F14-9D4E-3F7AB9E9B5AD}.Release|Any CPU.ActiveCfg = Release|Any CPU
		{C226F91E-7753-4F14-9D4E-3F7AB9E9B5AD}.Release|Any CPU.Build.0 = Release|Any CPU
		{0B99BC31-6621-44A5-8A82-AA33DC48F804}.Debug|Any CPU.ActiveCfg = Debug|Any CPU
		{0B99BC31-6621-44A5-8A82-AA33DC48F804}.Debug|Any CPU.Build.0 = Debug|Any CPU
		{0B99BC31-6621-44A5-8A82-AA33DC48F804}.Release|Any CPU.ActiveCfg = Release|Any CPU
		{0B99BC31-6621-44A5-8A82-AA33DC48F804}.Release|Any CPU.Build.0 = Release|Any CPU
		{185C09B8-7683-4FDB-BD37-AE96E2E05861}.Debug|Any CPU.ActiveCfg = Debug|Any CPU
		{185C09B8-7683-4FDB-BD37-AE96E2E05861}.Debug|Any CPU.Build.0 = Debug|Any CPU
		{185C09B8-7683-4FDB-BD37-AE96E2E05861}.Release|Any CPU.ActiveCfg = Release|Any CPU
		{185C09B8-7683-4FDB-BD37-AE96E2E05861}.Release|Any CPU.Build.0 = Release|Any CPU
		{AD5256C3-70A6-4F0B-B531-F240F6179210}.Debug|Any CPU.ActiveCfg = Debug|Any CPU
		{AD5256C3-70A6-4F0B-B531-F240F6179210}.Debug|Any CPU.Build.0 = Debug|Any CPU
		{AD5256C3-70A6-4F0B-B531-F240F6179210}.Release|Any CPU.ActiveCfg = Release|Any CPU
		{AD5256C3-70A6-4F0B-B531-F240F6179210}.Release|Any CPU.Build.0 = Release|Any CPU
		{FDA37EFC-27A0-46FE-884D-6B22CB667B8E}.Debug|Any CPU.ActiveCfg = Debug|Any CPU
		{FDA37EFC-27A0-46FE-884D-6B22CB667B8E}.Debug|Any CPU.Build.0 = Debug|Any CPU
		{FDA37EFC-27A0-46FE-884D-6B22CB667B8E}.Release|Any CPU.ActiveCfg = Release|Any CPU
		{FDA37EFC-27A0-46FE-884D-6B22CB667B8E}.Release|Any CPU.Build.0 = Release|Any CPU
	EndGlobalSection
	GlobalSection(SolutionProperties) = preSolution
		HideSolutionNode = FALSE
	EndGlobalSection
	GlobalSection(NestedProjects) = preSolution
		{CD4AE3A1-C4D6-4C98-A15B-C751FFF2AB20} = {C4F334BE-2E8E-4F52-AF2A-5FB5EA51595F}
		{C226F91E-7753-4F14-9D4E-3F7AB9E9B5AD} = {98BC702A-415D-4003-B6D6-B1F0BFECBF06}
		{0B99BC31-6621-44A5-8A82-AA33DC48F804} = {98BC702A-415D-4003-B6D6-B1F0BFECBF06}
		{185C09B8-7683-4FDB-BD37-AE96E2E05861} = {60AD2413-D082-4089-A139-D13D186BF373}
		{AD5256C3-70A6-4F0B-B531-F240F6179210} = {36FC994D-AC80-4FB3-A8F3-AF1444C860F1}
		{FDA37EFC-27A0-46FE-884D-6B22CB667B8E} = {60AD2413-D082-4089-A139-D13D186BF373}
	EndGlobalSection
	GlobalSection(ExtensibilityGlobals) = postSolution
		SolutionGuid = {53B805B8-17F0-491E-8D11-C9A212AFB489}
	EndGlobalSection
EndGlobal
